
Microsoft Visual Studio Solution File, Format Version 12.00
# Visual Studio Version 16
VisualStudioVersion = 16.0.32126.315
MinimumVisualStudioVersion = 10.0.40219.1
Project("{8BC9CEB8-8B4A-11D0-8D11-00A0C91BC942}") = "browserlib", "browserlib\browserlib.vcxproj", "{1B27D9AC-ACDF-4E7A-BD47-DE3437323FA3}"
EndProject
Project("{8BC9CEB8-8B4A-11D0-8D11-00A0C91BC942}") = "browserlibTest", "browserlibTest\browserlibTest.vcxproj", "{F16B9E3C-08D7-4B83-B41D-144436840582}"
EndProject
Global
	GlobalSection(SolutionConfigurationPlatforms) = preSolution
		Debug|x64 = Debug|x64
		Release|x64 = Release|x64
	EndGlobalSection
	GlobalSection(ProjectConfigurationPlatforms) = postSolution
		{1B27D9AC-ACDF-4E7A-BD47-DE3437323FA3}.Debug|x64.ActiveCfg = Debug|x64
		{1B27D9AC-ACDF-4E7A-BD47-DE3437323FA3}.Debug|x64.Build.0 = Debug|x64
		{1B27D9AC-ACDF-4E7A-BD47-DE3437323FA3}.Release|x64.ActiveCfg = Release|x64
		{1B27D9AC-ACDF-4E7A-BD47-DE3437323FA3}.Release|x64.Build.0 = Release|x64
		{F16B9E3C-08D7-4B83-B41D-144436840582}.Debug|x64.ActiveCfg = Debug|x64
		{F16B9E3C-08D7-4B83-B41D-144436840582}.Debug|x64.Build.0 = Debug|x64
		{F16B9E3C-08D7-4B83-B41D-144436840582}.Release|x64.ActiveCfg = Release|x64
		{F16B9E3C-08D7-4B83-B41D-144436840582}.Release|x64.Build.0 = Release|x64
	EndGlobalSection
	GlobalSection(SolutionProperties) = preSolution
		HideSolutionNode = FALSE
	EndGlobalSection
	GlobalSection(ExtensibilityGlobals) = postSolution
		SolutionGuid = {E4D8EFEF-256C-4B62-95B5-6045A02EA0F3}
	EndGlobalSection
EndGlobal
